
Microsoft Visual Studio Solution File, Format Version 12.00
# Visual Studio Version 17
VisualStudioVersion = 17.6.33815.320
MinimumVisualStudioVersion = 10.0.40219.1
Project("{FAE04EC0-301F-11D3-BF4B-00C04F79EFBC}") = "ConsoleApp14", "ConsoleApp14\ConsoleApp14.csproj", "{697704E4-274D-436F-9994-32B180425A8E}"
EndProject
Global
	GlobalSection(SolutionConfigurationPlatforms) = preSolution
		Debug|Any CPU = Debug|Any CPU
		Release|Any CPU = Release|Any CPU
	EndGlobalSection
	GlobalSection(ProjectConfigurationPlatforms) = postSolution
		{697704E4-274D-436F-9994-32B180425A8E}.Debug|Any CPU.ActiveCfg = Debug|Any CPU
		{697704E4-274D-436F-9994-32B180425A8E}.Debug|Any CPU.Build.0 = Debug|Any CPU
		{697704E4-274D-436F-9994-32B180425A8E}.Release|Any CPU.ActiveCfg = Release|Any CPU
		{697704E4-274D-436F-9994-32B180425A8E}.Release|Any CPU.Build.0 = Release|Any CPU
	EndGlobalSection
	GlobalSection(SolutionProperties) = preSolution
		HideSolutionNode = FALSE
	EndGlobalSection
	GlobalSection(ExtensibilityGlobals) = postSolution
		SolutionGuid = {4922E43B-7831-476E-B3BD-4DD72806C507}
	EndGlobalSection
EndGlobal
